
Microsoft Visual Studio Solution File, Format Version 12.00
# Visual Studio Version 17
VisualStudioVersion = 17.5.33424.131
MinimumVisualStudioVersion = 10.0.40219.1
Project("{2150E333-8FDC-42A3-9474-1A3956D46DE8}") = "Core", "Core", "{C399FC99-6CE6-4885-AD10-B27D4C051419}"
EndProject
Project("{2150E333-8FDC-42A3-9474-1A3956D46DE8}") = "Infrastructure", "Infrastructure", "{B6B3E94B-7B5C-421C-BA2B-35B659B0C7DA}"
EndProject
Project("{2150E333-8FDC-42A3-9474-1A3956D46DE8}") = "Presentation", "Presentation", "{6CBD1DDE-D41D-4FC8-A7B6-6462C647EA5B}"
EndProject
Project("{2150E333-8FDC-42A3-9474-1A3956D46DE8}") = "Tests", "Tests", "{95E60FBA-14DF-4C44-ACC8-B8C79E2DE97B}"
EndProject
Project("{9A19103F-16F7-4668-BE54-9A1E7A4F7556}") = "Users.Domain", "Users.Domain\Users.Domain.csproj", "{23925262-6D04-4483-96F1-66B2523FE5F2}"
EndProject
Project("{9A19103F-16F7-4668-BE54-9A1E7A4F7556}") = "Users.Application", "Users.Application\Users.Application.csproj", "{5FFC6031-41BB-48FD-BC4B-1F4EE2D47383}"
EndProject
Project("{9A19103F-16F7-4668-BE54-9A1E7A4F7556}") = "Users.Persistense", "Users.Persistense\Users.Persistense.csproj", "{C35455E1-FE1F-414C-80E1-005A3625DEED}"
EndProject
Project("{9A19103F-16F7-4668-BE54-9A1E7A4F7556}") = "Users.WebApi", "Users.WebApi\Users.WebApi.csproj", "{DB7C62DA-1F43-4D5C-8207-1B25A686A952}"
EndProject
Project("{9A19103F-16F7-4668-BE54-9A1E7A4F7556}") = "Users.Tests", "Users.Tests\Users.Tests.csproj", "{DE6262A0-4013-4399-BD52-D23547930FCD}"
EndProject
Global
	GlobalSection(SolutionConfigurationPlatforms) = preSolution
		Debug|Any CPU = Debug|Any CPU
		Release|Any CPU = Release|Any CPU
	EndGlobalSection
	GlobalSection(ProjectConfigurationPlatforms) = postSolution
		{23925262-6D04-4483-96F1-66B2523FE5F2}.Debug|Any CPU.ActiveCfg = Debug|Any CPU
		{23925262-6D04-4483-96F1-66B2523FE5F2}.Debug|Any CPU.Build.0 = Debug|Any CPU
		{23925262-6D04-4483-96F1-66B2523FE5F2}.Release|Any CPU.ActiveCfg = Release|Any CPU
		{23925262-6D04-4483-96F1-66B2523FE5F2}.Release|Any CPU.Build.0 = Release|Any CPU
		{5FFC6031-41BB-48FD-BC4B-1F4EE2D47383}.Debug|Any CPU.ActiveCfg = Debug|Any CPU
		{5FFC6031-41BB-48FD-BC4B-1F4EE2D47383}.Debug|Any CPU.Build.0 = Debug|Any CPU
		{5FFC6031-41BB-48FD-BC4B-1F4EE2D47383}.Release|Any CPU.ActiveCfg = Release|Any CPU
		{5FFC6031-41BB-48FD-BC4B-1F4EE2D47383}.Release|Any CPU.Build.0 = Release|Any CPU
		{C35455E1-FE1F-414C-80E1-005A3625DEED}.Debug|Any CPU.ActiveCfg = Debug|Any CPU
		{C35455E1-FE1F-414C-80E1-005A3625DEED}.Debug|Any CPU.Build.0 = Debug|Any CPU
		{C35455E1-FE1F-414C-80E1-005A3625DEED}.Release|Any CPU.ActiveCfg = Release|Any CPU
		{C35455E1-FE1F-414C-80E1-005A3625DEED}.Release|Any CPU.Build.0 = Release|Any CPU
		{DB7C62DA-1F43-4D5C-8207-1B25A686A952}.Debug|Any CPU.ActiveCfg = Debug|Any CPU
		{DB7C62DA-1F43-4D5C-8207-1B25A686A952}.Debug|Any CPU.Build.0 = Debug|Any CPU
		{DB7C62DA-1F43-4D5C-8207-1B25A686A952}.Release|Any CPU.ActiveCfg = Release|Any CPU
		{DB7C62DA-1F43-4D5C-8207-1B25A686A952}.Release|Any CPU.Build.0 = Release|Any CPU
		{DE6262A0-4013-4399-BD52-D23547930FCD}.Debug|Any CPU.ActiveCfg = Debug|Any CPU
		{DE6262A0-4013-4399-BD52-D23547930FCD}.Debug|Any CPU.Build.0 = Debug|Any CPU
		{DE6262A0-4013-4399-BD52-D23547930FCD}.Release|Any CPU.ActiveCfg = Release|Any CPU
		{DE6262A0-4013-4399-BD52-D23547930FCD}.Release|Any CPU.Build.0 = Release|Any CPU
	EndGlobalSection
	GlobalSection(SolutionProperties) = preSolution
		HideSolutionNode = FALSE
	EndGlobalSection
	GlobalSection(NestedProjects) = preSolution
		{23925262-6D04-4483-96F1-66B2523FE5F2} = {C399FC99-6CE6-4885-AD10-B27D4C051419}
		{5FFC6031-41BB-48FD-BC4B-1F4EE2D47383} = {C399FC99-6CE6-4885-AD10-B27D4C051419}
		{C35455E1-FE1F-414C-80E1-005A3625DEED} = {B6B3E94B-7B5C-421C-BA2B-35B659B0C7DA}
		{DB7C62DA-1F43-4D5C-8207-1B25A686A952} = {6CBD1DDE-D41D-4FC8-A7B6-6462C647EA5B}
		{DE6262A0-4013-4399-BD52-D23547930FCD} = {95E60FBA-14DF-4C44-ACC8-B8C79E2DE97B}
	EndGlobalSection
	GlobalSection(ExtensibilityGlobals) = postSolution
		SolutionGuid = {59399C44-449C-4C3A-AF6B-74D1C29798A6}
	EndGlobalSection
EndGlobal
